
Microsoft Visual Studio Solution File, Format Version 12.00
# Visual Studio Version 17
VisualStudioVersion = 17.9.34701.34
MinimumVisualStudioVersion = 10.0.40219.1
Project("{9A19103F-16F7-4668-BE54-9A1E7A4F7556}") = "RazorDemoPageApp", "RazorDemoPageApp\RazorDemoPageApp.csproj", "{D6E6E427-879D-41AA-A5F6-15020A19DFAD}"
EndProject
Global
	GlobalSection(SolutionConfigurationPlatforms) = preSolution
		Debug|Any CPU = Debug|Any CPU
		Release|Any CPU = Release|Any CPU
	EndGlobalSection
	GlobalSection(ProjectConfigurationPlatforms) = postSolution
		{D6E6E427-879D-41AA-A5F6-15020A19DFAD}.Debug|Any CPU.ActiveCfg = Debug|Any CPU
		{D6E6E427-879D-41AA-A5F6-15020A19DFAD}.Debug|Any CPU.Build.0 = Debug|Any CPU
		{D6E6E427-879D-41AA-A5F6-15020A19DFAD}.Release|Any CPU.ActiveCfg = Release|Any CPU
		{D6E6E427-879D-41AA-A5F6-15020A19DFAD}.Release|Any CPU.Build.0 = Release|Any CPU
	EndGlobalSection
	GlobalSection(SolutionProperties) = preSolution
		HideSolutionNode = FALSE
	EndGlobalSection
	GlobalSection(ExtensibilityGlobals) = postSolution
		SolutionGuid = {EE1343C5-BCCE-443F-9BAA-2A408EFA778B}
	EndGlobalSection
EndGlobal
